// !$*UTF8*$!
{
	archiveVersion = 1;
	classes = {
	};
	objectVersion = 56;
	objects = {

/* Begin PBXBuildFile section */
		B4E5456C2A99DBDB004BE2D2 /* AppDelegate.swift in Sources */ = {isa = PBXBuildFile; fileRef = B4E5456B2A99DBDB004BE2D2 /* AppDelegate.swift */; };
		B4E5456E2A99DBDB004BE2D2 /* SceneDelegate.swift in Sources */ = {isa = PBXBuildFile; fileRef = B4E5456D2A99DBDB004BE2D2 /* SceneDelegate.swift */; };
		B4E545702A99DBDB004BE2D2 /* CalculatorVC.swift in Sources */ = {isa = PBXBuildFile; fileRef = B4E5456F2A99DBDB004BE2D2 /* CalculatorVC.swift */; };
		B4E545752A99DBDC004BE2D2 /* Assets.xcassets in Resources */ = {isa = PBXBuildFile; fileRef = B4E545742A99DBDC004BE2D2 /* Assets.xcassets */; };
		B4E545782A99DBDC004BE2D2 /* LaunchScreen.storyboard in Resources */ = {isa = PBXBuildFile; fileRef = B4E545762A99DBDC004BE2D2 /* LaunchScreen.storyboard */; };
		B4E545832A99DBDD004BE2D2 /* tip_calculatorTests.swift in Sources */ = {isa = PBXBuildFile; fileRef = B4E545822A99DBDD004BE2D2 /* tip_calculatorTests.swift */; };
		B4E5458D2A99DBDD004BE2D2 /* tip_calculatorUITests.swift in Sources */ = {isa = PBXBuildFile; fileRef = B4E5458C2A99DBDD004BE2D2 /* tip_calculatorUITests.swift */; };
		B4E5458F2A99DBDD004BE2D2 /* tip_calculatorUITestsLaunchTests.swift in Sources */ = {isa = PBXBuildFile; fileRef = B4E5458E2A99DBDD004BE2D2 /* tip_calculatorUITestsLaunchTests.swift */; };
		B4E5459D2A99DC76004BE2D2 /* CombineCocoa in Frameworks */ = {isa = PBXBuildFile; productRef = B4E5459C2A99DC76004BE2D2 /* CombineCocoa */; };
		B4E545A02A99DCCA004BE2D2 /* SnapKit in Frameworks */ = {isa = PBXBuildFile; productRef = B4E5459F2A99DCCA004BE2D2 /* SnapKit */; };
		B4E545A32A99DD18004BE2D2 /* CombineCocoa in Frameworks */ = {isa = PBXBuildFile; productRef = B4E545A22A99DD18004BE2D2 /* CombineCocoa */; };
		B4E545A62A99DD6D004BE2D2 /* SnapshotTesting in Frameworks */ = {isa = PBXBuildFile; productRef = B4E545A52A99DD6D004BE2D2 /* SnapshotTesting */; };
		B4E545A82A99DD8D004BE2D2 /* CombineCocoa in Frameworks */ = {isa = PBXBuildFile; productRef = B4E545A72A99DD8D004BE2D2 /* CombineCocoa */; };
		B4E545AB2A99E39B004BE2D2 /* LogoView.swift in Sources */ = {isa = PBXBuildFile; fileRef = B4E545AA2A99E39B004BE2D2 /* LogoView.swift */; };
		B4E545AD2A99FE31004BE2D2 /* ResultView.swift in Sources */ = {isa = PBXBuildFile; fileRef = B4E545AC2A99FE31004BE2D2 /* ResultView.swift */; };
		B4E545AF2A99FE7E004BE2D2 /* BillInputView.swift in Sources */ = {isa = PBXBuildFile; fileRef = B4E545AE2A99FE7E004BE2D2 /* BillInputView.swift */; };
		B4E545B12A99FEBA004BE2D2 /* TipInputView.swift in Sources */ = {isa = PBXBuildFile; fileRef = B4E545B02A99FEBA004BE2D2 /* TipInputView.swift */; };
		B4E545B32A99FEE1004BE2D2 /* SplitInputView.swift in Sources */ = {isa = PBXBuildFile; fileRef = B4E545B22A99FEE1004BE2D2 /* SplitInputView.swift */; };
		B4E545B62A9A15CF004BE2D2 /* ThemeColor.swift in Sources */ = {isa = PBXBuildFile; fileRef = B4E545B52A9A15CF004BE2D2 /* ThemeColor.swift */; };
		B4E545B82A9A15EB004BE2D2 /* ThemeFont.swift in Sources */ = {isa = PBXBuildFile; fileRef = B4E545B72A9A15EB004BE2D2 /* ThemeFont.swift */; };
		B4E545BB2A9A166E004BE2D2 /* UIColor+Extension.swift in Sources */ = {isa = PBXBuildFile; fileRef = B4E545BA2A9A166E004BE2D2 /* UIColor+Extension.swift */; };
		B4E545BE2A9A20ED004BE2D2 /* LabelFactory.swift in Sources */ = {isa = PBXBuildFile; fileRef = B4E545BD2A9A20ED004BE2D2 /* LabelFactory.swift */; };
/* End PBXBuildFile section */

/* Begin PBXContainerItemProxy section */
		B4E5457F2A99DBDD004BE2D2 /* PBXContainerItemProxy */ = {
			isa = PBXContainerItemProxy;
			containerPortal = B4E545602A99DBDB004BE2D2 /* Project object */;
			proxyType = 1;
			remoteGlobalIDString = B4E545672A99DBDB004BE2D2;
			remoteInfo = "tip-calculator";
		};
		B4E545892A99DBDD004BE2D2 /* PBXContainerItemProxy */ = {
			isa = PBXContainerItemProxy;
			containerPortal = B4E545602A99DBDB004BE2D2 /* Project object */;
			proxyType = 1;
			remoteGlobalIDString = B4E545672A99DBDB004BE2D2;
			remoteInfo = "tip-calculator";
		};
/* End PBXContainerItemProxy section */

/* Begin PBXFileReference section */
		B4E545682A99DBDB004BE2D2 /* tip-calculator.app */ = {isa = PBXFileReference; explicitFileType = wrapper.application; includeInIndex = 0; path = "tip-calculator.app"; sourceTree = BUILT_PRODUCTS_DIR; };
		B4E5456B2A99DBDB004BE2D2 /* AppDelegate.swift */ = {isa = PBXFileReference; lastKnownFileType = sourcecode.swift; path = AppDelegate.swift; sourceTree = "<group>"; };
		B4E5456D2A99DBDB004BE2D2 /* SceneDelegate.swift */ = {isa = PBXFileReference; lastKnownFileType = sourcecode.swift; path = SceneDelegate.swift; sourceTree = "<group>"; };
		B4E5456F2A99DBDB004BE2D2 /* CalculatorVC.swift */ = {isa = PBXFileReference; lastKnownFileType = sourcecode.swift; path = CalculatorVC.swift; sourceTree = "<group>"; };
		B4E545742A99DBDC004BE2D2 /* Assets.xcassets */ = {isa = PBXFileReference; lastKnownFileType = folder.assetcatalog; path = Assets.xcassets; sourceTree = "<group>"; };
		B4E545772A99DBDC004BE2D2 /* Base */ = {isa = PBXFileReference; lastKnownFileType = file.storyboard; name = Base; path = Base.lproj/LaunchScreen.storyboard; sourceTree = "<group>"; };
		B4E545792A99DBDC004BE2D2 /* Info.plist */ = {isa = PBXFileReference; lastKnownFileType = text.plist.xml; path = Info.plist; sourceTree = "<group>"; };
		B4E5457E2A99DBDD004BE2D2 /* tip-calculatorTests.xctest */ = {isa = PBXFileReference; explicitFileType = wrapper.cfbundle; includeInIndex = 0; path = "tip-calculatorTests.xctest"; sourceTree = BUILT_PRODUCTS_DIR; };
		B4E545822A99DBDD004BE2D2 /* tip_calculatorTests.swift */ = {isa = PBXFileReference; lastKnownFileType = sourcecode.swift; path = tip_calculatorTests.swift; sourceTree = "<group>"; };
		B4E545882A99DBDD004BE2D2 /* tip-calculatorUITests.xctest */ = {isa = PBXFileReference; explicitFileType = wrapper.cfbundle; includeInIndex = 0; path = "tip-calculatorUITests.xctest"; sourceTree = BUILT_PRODUCTS_DIR; };
		B4E5458C2A99DBDD004BE2D2 /* tip_calculatorUITests.swift */ = {isa = PBXFileReference; lastKnownFileType = sourcecode.swift; path = tip_calculatorUITests.swift; sourceTree = "<group>"; };
		B4E5458E2A99DBDD004BE2D2 /* tip_calculatorUITestsLaunchTests.swift */ = {isa = PBXFileReference; lastKnownFileType = sourcecode.swift; path = tip_calculatorUITestsLaunchTests.swift; sourceTree = "<group>"; };
		B4E545AA2A99E39B004BE2D2 /* LogoView.swift */ = {isa = PBXFileReference; lastKnownFileType = sourcecode.swift; path = LogoView.swift; sourceTree = "<group>"; };
		B4E545AC2A99FE31004BE2D2 /* ResultView.swift */ = {isa = PBXFileReference; lastKnownFileType = sourcecode.swift; path = ResultView.swift; sourceTree = "<group>"; };
		B4E545AE2A99FE7E004BE2D2 /* BillInputView.swift */ = {isa = PBXFileReference; lastKnownFileType = sourcecode.swift; path = BillInputView.swift; sourceTree = "<group>"; };
		B4E545B02A99FEBA004BE2D2 /* TipInputView.swift */ = {isa = PBXFileReference; lastKnownFileType = sourcecode.swift; path = TipInputView.swift; sourceTree = "<group>"; };
		B4E545B22A99FEE1004BE2D2 /* SplitInputView.swift */ = {isa = PBXFileReference; lastKnownFileType = sourcecode.swift; path = SplitInputView.swift; sourceTree = "<group>"; };
		B4E545B52A9A15CF004BE2D2 /* ThemeColor.swift */ = {isa = PBXFileReference; lastKnownFileType = sourcecode.swift; path = ThemeColor.swift; sourceTree = "<group>"; };
		B4E545B72A9A15EB004BE2D2 /* ThemeFont.swift */ = {isa = PBXFileReference; lastKnownFileType = sourcecode.swift; path = ThemeFont.swift; sourceTree = "<group>"; };
		B4E545BA2A9A166E004BE2D2 /* UIColor+Extension.swift */ = {isa = PBXFileReference; lastKnownFileType = sourcecode.swift; path = "UIColor+Extension.swift"; sourceTree = "<group>"; };
		B4E545BD2A9A20ED004BE2D2 /* LabelFactory.swift */ = {isa = PBXFileReference; lastKnownFileType = sourcecode.swift; path = LabelFactory.swift; sourceTree = "<group>"; };
/* End PBXFileReference section */

/* Begin PBXFrameworksBuildPhase section */
		B4E545652A99DBDB004BE2D2 /* Frameworks */ = {
			isa = PBXFrameworksBuildPhase;
			buildActionMask = 2147483647;
			files = (
				B4E5459D2A99DC76004BE2D2 /* CombineCocoa in Frameworks */,
				B4E545A02A99DCCA004BE2D2 /* SnapKit in Frameworks */,
			);
			runOnlyForDeploymentPostprocessing = 0;
		};
		B4E5457B2A99DBDD004BE2D2 /* Frameworks */ = {
			isa = PBXFrameworksBuildPhase;
			buildActionMask = 2147483647;
			files = (
				B4E545A32A99DD18004BE2D2 /* CombineCocoa in Frameworks */,
				B4E545A62A99DD6D004BE2D2 /* SnapshotTesting in Frameworks */,
			);
			runOnlyForDeploymentPostprocessing = 0;
		};
		B4E545852A99DBDD004BE2D2 /* Frameworks */ = {
			isa = PBXFrameworksBuildPhase;
			buildActionMask = 2147483647;
			files = (
				B4E545A82A99DD8D004BE2D2 /* CombineCocoa in Frameworks */,
			);
			runOnlyForDeploymentPostprocessing = 0;
		};
/* End PBXFrameworksBuildPhase section */

/* Begin PBXGroup section */
		B4E5455F2A99DBDB004BE2D2 = {
			isa = PBXGroup;
			children = (
				B4E5456A2A99DBDB004BE2D2 /* tip-calculator */,
				B4E545812A99DBDD004BE2D2 /* tip-calculatorTests */,
				B4E5458B2A99DBDD004BE2D2 /* tip-calculatorUITests */,
				B4E545692A99DBDB004BE2D2 /* Products */,
				B4E545A12A99DD18004BE2D2 /* Frameworks */,
			);
			sourceTree = "<group>";
		};
		B4E545692A99DBDB004BE2D2 /* Products */ = {
			isa = PBXGroup;
			children = (
				B4E545682A99DBDB004BE2D2 /* tip-calculator.app */,
				B4E5457E2A99DBDD004BE2D2 /* tip-calculatorTests.xctest */,
				B4E545882A99DBDD004BE2D2 /* tip-calculatorUITests.xctest */,
			);
			name = Products;
			sourceTree = "<group>";
		};
		B4E5456A2A99DBDB004BE2D2 /* tip-calculator */ = {
			isa = PBXGroup;
			children = (
				B4E545BC2A9A20CB004BE2D2 /* factory */,
				B4E545B92A9A164A004BE2D2 /* extension */,
				B4E545B42A9A15B0004BE2D2 /* config */,
				B4E545A92A99E36C004BE2D2 /* view */,
				B4E5456B2A99DBDB004BE2D2 /* AppDelegate.swift */,
				B4E5456D2A99DBDB004BE2D2 /* SceneDelegate.swift */,
				B4E5456F2A99DBDB004BE2D2 /* CalculatorVC.swift */,
				B4E545742A99DBDC004BE2D2 /* Assets.xcassets */,
				B4E545762A99DBDC004BE2D2 /* LaunchScreen.storyboard */,
				B4E545792A99DBDC004BE2D2 /* Info.plist */,
			);
			path = "tip-calculator";
			sourceTree = "<group>";
		};
		B4E545812A99DBDD004BE2D2 /* tip-calculatorTests */ = {
			isa = PBXGroup;
			children = (
				B4E545822A99DBDD004BE2D2 /* tip_calculatorTests.swift */,
			);
			path = "tip-calculatorTests";
			sourceTree = "<group>";
		};
		B4E5458B2A99DBDD004BE2D2 /* tip-calculatorUITests */ = {
			isa = PBXGroup;
			children = (
				B4E5458C2A99DBDD004BE2D2 /* tip_calculatorUITests.swift */,
				B4E5458E2A99DBDD004BE2D2 /* tip_calculatorUITestsLaunchTests.swift */,
			);
			path = "tip-calculatorUITests";
			sourceTree = "<group>";
		};
		B4E545A12A99DD18004BE2D2 /* Frameworks */ = {
			isa = PBXGroup;
			children = (
			);
			name = Frameworks;
			sourceTree = "<group>";
		};
		B4E545A92A99E36C004BE2D2 /* view */ = {
			isa = PBXGroup;
			children = (
				B4E545AA2A99E39B004BE2D2 /* LogoView.swift */,
				B4E545AC2A99FE31004BE2D2 /* ResultView.swift */,
				B4E545AE2A99FE7E004BE2D2 /* BillInputView.swift */,
				B4E545B02A99FEBA004BE2D2 /* TipInputView.swift */,
				B4E545B22A99FEE1004BE2D2 /* SplitInputView.swift */,
			);
			path = view;
			sourceTree = "<group>";
		};
		B4E545B42A9A15B0004BE2D2 /* config */ = {
			isa = PBXGroup;
			children = (
				B4E545B52A9A15CF004BE2D2 /* ThemeColor.swift */,
				B4E545B72A9A15EB004BE2D2 /* ThemeFont.swift */,
			);
			path = config;
			sourceTree = "<group>";
		};
		B4E545B92A9A164A004BE2D2 /* extension */ = {
			isa = PBXGroup;
			children = (
				B4E545BA2A9A166E004BE2D2 /* UIColor+Extension.swift */,
			);
			path = extension;
			sourceTree = "<group>";
		};
		B4E545BC2A9A20CB004BE2D2 /* factory */ = {
			isa = PBXGroup;
			children = (
				B4E545BD2A9A20ED004BE2D2 /* LabelFactory.swift */,
			);
			path = factory;
			sourceTree = "<group>";
		};
/* End PBXGroup section */

/* Begin PBXNativeTarget section */
		B4E545672A99DBDB004BE2D2 /* tip-calculator */ = {
			isa = PBXNativeTarget;
			buildConfigurationList = B4E545922A99DBDD004BE2D2 /* Build configuration list for PBXNativeTarget "tip-calculator" */;
			buildPhases = (
				B4E545642A99DBDB004BE2D2 /* Sources */,
				B4E545652A99DBDB004BE2D2 /* Frameworks */,
				B4E545662A99DBDB004BE2D2 /* Resources */,
			);
			buildRules = (
			);
			dependencies = (
			);
			name = "tip-calculator";
			packageProductDependencies = (
				B4E5459C2A99DC76004BE2D2 /* CombineCocoa */,
				B4E5459F2A99DCCA004BE2D2 /* SnapKit */,
			);
			productName = "tip-calculator";
			productReference = B4E545682A99DBDB004BE2D2 /* tip-calculator.app */;
			productType = "com.apple.product-type.application";
		};
		B4E5457D2A99DBDD004BE2D2 /* tip-calculatorTests */ = {
			isa = PBXNativeTarget;
			buildConfigurationList = B4E545952A99DBDD004BE2D2 /* Build configuration list for PBXNativeTarget "tip-calculatorTests" */;
			buildPhases = (
				B4E5457A2A99DBDD004BE2D2 /* Sources */,
				B4E5457B2A99DBDD004BE2D2 /* Frameworks */,
				B4E5457C2A99DBDD004BE2D2 /* Resources */,
			);
			buildRules = (
			);
			dependencies = (
				B4E545802A99DBDD004BE2D2 /* PBXTargetDependency */,
			);
			name = "tip-calculatorTests";
			packageProductDependencies = (
				B4E545A22A99DD18004BE2D2 /* CombineCocoa */,
				B4E545A52A99DD6D004BE2D2 /* SnapshotTesting */,
			);
			productName = "tip-calculatorTests";
			productReference = B4E5457E2A99DBDD004BE2D2 /* tip-calculatorTests.xctest */;
			productType = "com.apple.product-type.bundle.unit-test";
		};
		B4E545872A99DBDD004BE2D2 /* tip-calculatorUITests */ = {
			isa = PBXNativeTarget;
			buildConfigurationList = B4E545982A99DBDD004BE2D2 /* Build configuration list for PBXNativeTarget "tip-calculatorUITests" */;
			buildPhases = (
				B4E545842A99DBDD004BE2D2 /* Sources */,
				B4E545852A99DBDD004BE2D2 /* Frameworks */,
				B4E545862A99DBDD004BE2D2 /* Resources */,
			);
			buildRules = (
			);
			dependencies = (
				B4E5458A2A99DBDD004BE2D2 /* PBXTargetDependency */,
			);
			name = "tip-calculatorUITests";
			packageProductDependencies = (
				B4E545A72A99DD8D004BE2D2 /* CombineCocoa */,
			);
			productName = "tip-calculatorUITests";
			productReference = B4E545882A99DBDD004BE2D2 /* tip-calculatorUITests.xctest */;
			productType = "com.apple.product-type.bundle.ui-testing";
		};
/* End PBXNativeTarget section */

/* Begin PBXProject section */
		B4E545602A99DBDB004BE2D2 /* Project object */ = {
			isa = PBXProject;
			attributes = {
				BuildIndependentTargetsInParallel = 1;
				LastSwiftUpdateCheck = 1430;
				LastUpgradeCheck = 1430;
				TargetAttributes = {
					B4E545672A99DBDB004BE2D2 = {
						CreatedOnToolsVersion = 14.3.1;
					};
					B4E5457D2A99DBDD004BE2D2 = {
						CreatedOnToolsVersion = 14.3.1;
						TestTargetID = B4E545672A99DBDB004BE2D2;
					};
					B4E545872A99DBDD004BE2D2 = {
						CreatedOnToolsVersion = 14.3.1;
						TestTargetID = B4E545672A99DBDB004BE2D2;
					};
				};
			};
			buildConfigurationList = B4E545632A99DBDB004BE2D2 /* Build configuration list for PBXProject "tip-calculator" */;
			compatibilityVersion = "Xcode 14.0";
			developmentRegion = en;
			hasScannedForEncodings = 0;
			knownRegions = (
				en,
				Base,
			);
			mainGroup = B4E5455F2A99DBDB004BE2D2;
			packageReferences = (
				B4E5459B2A99DC76004BE2D2 /* XCRemoteSwiftPackageReference "CombineCocoa" */,
				B4E5459E2A99DCCA004BE2D2 /* XCRemoteSwiftPackageReference "SnapKit" */,
				B4E545A42A99DD6D004BE2D2 /* XCRemoteSwiftPackageReference "swift-snapshot-testing" */,
			);
			productRefGroup = B4E545692A99DBDB004BE2D2 /* Products */;
			projectDirPath = "";
			projectRoot = "";
			targets = (
				B4E545672A99DBDB004BE2D2 /* tip-calculator */,
				B4E5457D2A99DBDD004BE2D2 /* tip-calculatorTests */,
				B4E545872A99DBDD004BE2D2 /* tip-calculatorUITests */,
			);
		};
/* End PBXProject section */

/* Begin PBXResourcesBuildPhase section */
		B4E545662A99DBDB004BE2D2 /* Resources */ = {
			isa = PBXResourcesBuildPhase;
			buildActionMask = 2147483647;
			files = (
				B4E545782A99DBDC004BE2D2 /* LaunchScreen.storyboard in Resources */,
				B4E545752A99DBDC004BE2D2 /* Assets.xcassets in Resources */,
			);
			runOnlyForDeploymentPostprocessing = 0;
		};
		B4E5457C2A99DBDD004BE2D2 /* Resources */ = {
			isa = PBXResourcesBuildPhase;
			buildActionMask = 2147483647;
			files = (
			);
			runOnlyForDeploymentPostprocessing = 0;
		};
		B4E545862A99DBDD004BE2D2 /* Resources */ = {
			isa = PBXResourcesBuildPhase;
			buildActionMask = 2147483647;
			files = (
			);
			runOnlyForDeploymentPostprocessing = 0;
		};
/* End PBXResourcesBuildPhase section */

/* Begin PBXSourcesBuildPhase section */
		B4E545642A99DBDB004BE2D2 /* Sources */ = {
			isa = PBXSourcesBuildPhase;
			buildActionMask = 2147483647;
			files = (
				B4E545702A99DBDB004BE2D2 /* CalculatorVC.swift in Sources */,
				B4E545AB2A99E39B004BE2D2 /* LogoView.swift in Sources */,
				B4E545B62A9A15CF004BE2D2 /* ThemeColor.swift in Sources */,
				B4E545BB2A9A166E004BE2D2 /* UIColor+Extension.swift in Sources */,
				B4E545AF2A99FE7E004BE2D2 /* BillInputView.swift in Sources */,
				B4E545AD2A99FE31004BE2D2 /* ResultView.swift in Sources */,
				B4E5456C2A99DBDB004BE2D2 /* AppDelegate.swift in Sources */,
				B4E545B82A9A15EB004BE2D2 /* ThemeFont.swift in Sources */,
				B4E5456E2A99DBDB004BE2D2 /* SceneDelegate.swift in Sources */,
				B4E545BE2A9A20ED004BE2D2 /* LabelFactory.swift in Sources */,
				B4E545B32A99FEE1004BE2D2 /* SplitInputView.swift in Sources */,
				B4E545B12A99FEBA004BE2D2 /* TipInputView.swift in Sources */,
			);
			runOnlyForDeploymentPostprocessing = 0;
		};
		B4E5457A2A99DBDD004BE2D2 /* Sources */ = {
			isa = PBXSourcesBuildPhase;
			buildActionMask = 2147483647;
			files = (
				B4E545832A99DBDD004BE2D2 /* tip_calculatorTests.swift in Sources */,
			);
			runOnlyForDeploymentPostprocessing = 0;
		};
		B4E545842A99DBDD004BE2D2 /* Sources */ = {
			isa = PBXSourcesBuildPhase;
			buildActionMask = 2147483647;
			files = (
				B4E5458F2A99DBDD004BE2D2 /* tip_calculatorUITestsLaunchTests.swift in Sources */,
				B4E5458D2A99DBDD004BE2D2 /* tip_calculatorUITests.swift in Sources */,
			);
			runOnlyForDeploymentPostprocessing = 0;
		};
/* End PBXSourcesBuildPhase section */

/* Begin PBXTargetDependency section */
		B4E545802A99DBDD004BE2D2 /* PBXTargetDependency */ = {
			isa = PBXTargetDependency;
			target = B4E545672A99DBDB004BE2D2 /* tip-calculator */;
			targetProxy = B4E5457F2A99DBDD004BE2D2 /* PBXContainerItemProxy */;
		};
		B4E5458A2A99DBDD004BE2D2 /* PBXTargetDependency */ = {
			isa = PBXTargetDependency;
			target = B4E545672A99DBDB004BE2D2 /* tip-calculator */;
			targetProxy = B4E545892A99DBDD004BE2D2 /* PBXContainerItemProxy */;
		};
/* End PBXTargetDependency section */

/* Begin PBXVariantGroup section */
		B4E545762A99DBDC004BE2D2 /* LaunchScreen.storyboard */ = {
			isa = PBXVariantGroup;
			children = (
				B4E545772A99DBDC004BE2D2 /* Base */,
			);
			name = LaunchScreen.storyboard;
			sourceTree = "<group>";
		};
/* End PBXVariantGroup section */

/* Begin XCBuildConfiguration section */
		B4E545902A99DBDD004BE2D2 /* Debug */ = {
			isa = XCBuildConfiguration;
			buildSettings = {
				ALWAYS_SEARCH_USER_PATHS = NO;
				CLANG_ANALYZER_NONNULL = YES;
				CLANG_ANALYZER_NUMBER_OBJECT_CONVERSION = YES_AGGRESSIVE;
				CLANG_CXX_LANGUAGE_STANDARD = "gnu++20";
				CLANG_ENABLE_MODULES = YES;
				CLANG_ENABLE_OBJC_ARC = YES;
				CLANG_ENABLE_OBJC_WEAK = YES;
				CLANG_WARN_BLOCK_CAPTURE_AUTORELEASING = YES;
				CLANG_WARN_BOOL_CONVERSION = YES;
				CLANG_WARN_COMMA = YES;
				CLANG_WARN_CONSTANT_CONVERSION = YES;
				CLANG_WARN_DEPRECATED_OBJC_IMPLEMENTATIONS = YES;
				CLANG_WARN_DIRECT_OBJC_ISA_USAGE = YES_ERROR;
				CLANG_WARN_DOCUMENTATION_COMMENTS = YES;
				CLANG_WARN_EMPTY_BODY = YES;
				CLANG_WARN_ENUM_CONVERSION = YES;
				CLANG_WARN_INFINITE_RECURSION = YES;
				CLANG_WARN_INT_CONVERSION = YES;
				CLANG_WARN_NON_LITERAL_NULL_CONVERSION = YES;
				CLANG_WARN_OBJC_IMPLICIT_RETAIN_SELF = YES;
				CLANG_WARN_OBJC_LITERAL_CONVERSION = YES;
				CLANG_WARN_OBJC_ROOT_CLASS = YES_ERROR;
				CLANG_WARN_QUOTED_INCLUDE_IN_FRAMEWORK_HEADER = YES;
				CLANG_WARN_RANGE_LOOP_ANALYSIS = YES;
				CLANG_WARN_STRICT_PROTOTYPES = YES;
				CLANG_WARN_SUSPICIOUS_MOVE = YES;
				CLANG_WARN_UNGUARDED_AVAILABILITY = YES_AGGRESSIVE;
				CLANG_WARN_UNREACHABLE_CODE = YES;
				CLANG_WARN__DUPLICATE_METHOD_MATCH = YES;
				COPY_PHASE_STRIP = NO;
				DEBUG_INFORMATION_FORMAT = dwarf;
				ENABLE_STRICT_OBJC_MSGSEND = YES;
				ENABLE_TESTABILITY = YES;
				GCC_C_LANGUAGE_STANDARD = gnu11;
				GCC_DYNAMIC_NO_PIC = NO;
				GCC_NO_COMMON_BLOCKS = YES;
				GCC_OPTIMIZATION_LEVEL = 0;
				GCC_PREPROCESSOR_DEFINITIONS = (
					"DEBUG=1",
					"$(inherited)",
				);
				GCC_WARN_64_TO_32_BIT_CONVERSION = YES;
				GCC_WARN_ABOUT_RETURN_TYPE = YES_ERROR;
				GCC_WARN_UNDECLARED_SELECTOR = YES;
				GCC_WARN_UNINITIALIZED_AUTOS = YES_AGGRESSIVE;
				GCC_WARN_UNUSED_FUNCTION = YES;
				GCC_WARN_UNUSED_VARIABLE = YES;
				IPHONEOS_DEPLOYMENT_TARGET = 16.4;
				MTL_ENABLE_DEBUG_INFO = INCLUDE_SOURCE;
				MTL_FAST_MATH = YES;
				ONLY_ACTIVE_ARCH = YES;
				SDKROOT = iphoneos;
				SWIFT_ACTIVE_COMPILATION_CONDITIONS = DEBUG;
				SWIFT_OPTIMIZATION_LEVEL = "-Onone";
			};
			name = Debug;
		};
		B4E545912A99DBDD004BE2D2 /* Release */ = {
			isa = XCBuildConfiguration;
			buildSettings = {
				ALWAYS_SEARCH_USER_PATHS = NO;
				CLANG_ANALYZER_NONNULL = YES;
				CLANG_ANALYZER_NUMBER_OBJECT_CONVERSION = YES_AGGRESSIVE;
				CLANG_CXX_LANGUAGE_STANDARD = "gnu++20";
				CLANG_ENABLE_MODULES = YES;
				CLANG_ENABLE_OBJC_ARC = YES;
				CLANG_ENABLE_OBJC_WEAK = YES;
				CLANG_WARN_BLOCK_CAPTURE_AUTORELEASING = YES;
				CLANG_WARN_BOOL_CONVERSION = YES;
				CLANG_WARN_COMMA = YES;
				CLANG_WARN_CONSTANT_CONVERSION = YES;
				CLANG_WARN_DEPRECATED_OBJC_IMPLEMENTATIONS = YES;
				CLANG_WARN_DIRECT_OBJC_ISA_USAGE = YES_ERROR;
				CLANG_WARN_DOCUMENTATION_COMMENTS = YES;
				CLANG_WARN_EMPTY_BODY = YES;
				CLANG_WARN_ENUM_CONVERSION = YES;
				CLANG_WARN_INFINITE_RECURSION = YES;
				CLANG_WARN_INT_CONVERSION = YES;
				CLANG_WARN_NON_LITERAL_NULL_CONVERSION = YES;
				CLANG_WARN_OBJC_IMPLICIT_RETAIN_SELF = YES;
				CLANG_WARN_OBJC_LITERAL_CONVERSION = YES;
				CLANG_WARN_OBJC_ROOT_CLASS = YES_ERROR;
				CLANG_WARN_QUOTED_INCLUDE_IN_FRAMEWORK_HEADER = YES;
				CLANG_WARN_RANGE_LOOP_ANALYSIS = YES;
				CLANG_WARN_STRICT_PROTOTYPES = YES;
				CLANG_WARN_SUSPICIOUS_MOVE = YES;
				CLANG_WARN_UNGUARDED_AVAILABILITY = YES_AGGRESSIVE;
				CLANG_WARN_UNREACHABLE_CODE = YES;
				CLANG_WARN__DUPLICATE_METHOD_MATCH = YES;
				COPY_PHASE_STRIP = NO;
				DEBUG_INFORMATION_FORMAT = "dwarf-with-dsym";
				ENABLE_NS_ASSERTIONS = NO;
				ENABLE_STRICT_OBJC_MSGSEND = YES;
				GCC_C_LANGUAGE_STANDARD = gnu11;
				GCC_NO_COMMON_BLOCKS = YES;
				GCC_WARN_64_TO_32_BIT_CONVERSION = YES;
				GCC_WARN_ABOUT_RETURN_TYPE = YES_ERROR;
				GCC_WARN_UNDECLARED_SELECTOR = YES;
				GCC_WARN_UNINITIALIZED_AUTOS = YES_AGGRESSIVE;
				GCC_WARN_UNUSED_FUNCTION = YES;
				GCC_WARN_UNUSED_VARIABLE = YES;
				IPHONEOS_DEPLOYMENT_TARGET = 16.4;
				MTL_ENABLE_DEBUG_INFO = NO;
				MTL_FAST_MATH = YES;
				SDKROOT = iphoneos;
				SWIFT_COMPILATION_MODE = wholemodule;
				SWIFT_OPTIMIZATION_LEVEL = "-O";
				VALIDATE_PRODUCT = YES;
			};
			name = Release;
		};
		B4E545932A99DBDD004BE2D2 /* Debug */ = {
			isa = XCBuildConfiguration;
			buildSettings = {
				ASSETCATALOG_COMPILER_APPICON_NAME = AppIcon;
				ASSETCATALOG_COMPILER_GLOBAL_ACCENT_COLOR_NAME = AccentColor;
				CODE_SIGN_STYLE = Automatic;
				CURRENT_PROJECT_VERSION = 1;
				DEVELOPMENT_TEAM = D2R2MN4TCC;
				GENERATE_INFOPLIST_FILE = YES;
				INFOPLIST_FILE = "tip-calculator/Info.plist";
				INFOPLIST_KEY_UIApplicationSupportsIndirectInputEvents = YES;
				INFOPLIST_KEY_UILaunchStoryboardName = LaunchScreen;
				INFOPLIST_KEY_UISupportedInterfaceOrientations_iPad = "UIInterfaceOrientationPortrait UIInterfaceOrientationPortraitUpsideDown UIInterfaceOrientationLandscapeLeft UIInterfaceOrientationLandscapeRight";
				INFOPLIST_KEY_UISupportedInterfaceOrientations_iPhone = "UIInterfaceOrientationPortrait UIInterfaceOrientationLandscapeLeft UIInterfaceOrientationLandscapeRight";
				LD_RUNPATH_SEARCH_PATHS = (
					"$(inherited)",
					"@executable_path/Frameworks",
				);
				MARKETING_VERSION = 1.0;
				PRODUCT_BUNDLE_IDENTIFIER = "com.sajedshaikh.tip-calculator";
				PRODUCT_NAME = "$(TARGET_NAME)";
				SWIFT_EMIT_LOC_STRINGS = YES;
				SWIFT_VERSION = 5.0;
				TARGETED_DEVICE_FAMILY = "1,2";
			};
			name = Debug;
		};
		B4E545942A99DBDD004BE2D2 /* Release */ = {
			isa = XCBuildConfiguration;
			buildSettings = {
				ASSETCATALOG_COMPILER_APPICON_NAME = AppIcon;
				ASSETCATALOG_COMPILER_GLOBAL_ACCENT_COLOR_NAME = AccentColor;
				CODE_SIGN_STYLE = Automatic;
				CURRENT_PROJECT_VERSION = 1;
				DEVELOPMENT_TEAM = D2R2MN4TCC;
				GENERATE_INFOPLIST_FILE = YES;
				INFOPLIST_FILE = "tip-calculator/Info.plist";
				INFOPLIST_KEY_UIApplicationSupportsIndirectInputEvents = YES;
				INFOPLIST_KEY_UILaunchStoryboardName = LaunchScreen;
				INFOPLIST_KEY_UISupportedInterfaceOrientations_iPad = "UIInterfaceOrientationPortrait UIInterfaceOrientationPortraitUpsideDown UIInterfaceOrientationLandscapeLeft UIInterfaceOrientationLandscapeRight";
				INFOPLIST_KEY_UISupportedInterfaceOrientations_iPhone = "UIInterfaceOrientationPortrait UIInterfaceOrientationLandscapeLeft UIInterfaceOrientationLandscapeRight";
				LD_RUNPATH_SEARCH_PATHS = (
					"$(inherited)",
					"@executable_path/Frameworks",
				);
				MARKETING_VERSION = 1.0;
				PRODUCT_BUNDLE_IDENTIFIER = "com.sajedshaikh.tip-calculator";
				PRODUCT_NAME = "$(TARGET_NAME)";
				SWIFT_EMIT_LOC_STRINGS = YES;
				SWIFT_VERSION = 5.0;
				TARGETED_DEVICE_FAMILY = "1,2";
			};
			name = Release;
		};
		B4E545962A99DBDD004BE2D2 /* Debug */ = {
			isa = XCBuildConfiguration;
			buildSettings = {
				ALWAYS_EMBED_SWIFT_STANDARD_LIBRARIES = YES;
				BUNDLE_LOADER = "$(TEST_HOST)";
				CODE_SIGN_STYLE = Automatic;
				CURRENT_PROJECT_VERSION = 1;
				DEVELOPMENT_TEAM = D2R2MN4TCC;
				GENERATE_INFOPLIST_FILE = YES;
				IPHONEOS_DEPLOYMENT_TARGET = 16.4;
				MARKETING_VERSION = 1.0;
				PRODUCT_BUNDLE_IDENTIFIER = "com.sajedshaikh.tip-calculatorTests";
				PRODUCT_NAME = "$(TARGET_NAME)";
				SWIFT_EMIT_LOC_STRINGS = NO;
				SWIFT_VERSION = 5.0;
				TARGETED_DEVICE_FAMILY = "1,2";
				TEST_HOST = "$(BUILT_PRODUCTS_DIR)/tip-calculator.app/$(BUNDLE_EXECUTABLE_FOLDER_PATH)/tip-calculator";
			};
			name = Debug;
		};
		B4E545972A99DBDD004BE2D2 /* Release */ = {
			isa = XCBuildConfiguration;
			buildSettings = {
				ALWAYS_EMBED_SWIFT_STANDARD_LIBRARIES = YES;
				BUNDLE_LOADER = "$(TEST_HOST)";
				CODE_SIGN_STYLE = Automatic;
				CURRENT_PROJECT_VERSION = 1;
				DEVELOPMENT_TEAM = D2R2MN4TCC;
				GENERATE_INFOPLIST_FILE = YES;
				IPHONEOS_DEPLOYMENT_TARGET = 16.4;
				MARKETING_VERSION = 1.0;
				PRODUCT_BUNDLE_IDENTIFIER = "com.sajedshaikh.tip-calculatorTests";
				PRODUCT_NAME = "$(TARGET_NAME)";
				SWIFT_EMIT_LOC_STRINGS = NO;
				SWIFT_VERSION = 5.0;
				TARGETED_DEVICE_FAMILY = "1,2";
				TEST_HOST = "$(BUILT_PRODUCTS_DIR)/tip-calculator.app/$(BUNDLE_EXECUTABLE_FOLDER_PATH)/tip-calculator";
			};
			name = Release;
		};
		B4E545992A99DBDD004BE2D2 /* Debug */ = {
			isa = XCBuildConfiguration;
			buildSettings = {
				ALWAYS_EMBED_SWIFT_STANDARD_LIBRARIES = YES;
				CODE_SIGN_STYLE = Automatic;
				CURRENT_PROJECT_VERSION = 1;
				DEVELOPMENT_TEAM = D2R2MN4TCC;
				GENERATE_INFOPLIST_FILE = YES;
				MARKETING_VERSION = 1.0;
				PRODUCT_BUNDLE_IDENTIFIER = "com.sajedshaikh.tip-calculatorUITests";
				PRODUCT_NAME = "$(TARGET_NAME)";
				SWIFT_EMIT_LOC_STRINGS = NO;
				SWIFT_VERSION = 5.0;
				TARGETED_DEVICE_FAMILY = "1,2";
				TEST_TARGET_NAME = "tip-calculator";
			};
			name = Debug;
		};
		B4E5459A2A99DBDD004BE2D2 /* Release */ = {
			isa = XCBuildConfiguration;
			buildSettings = {
				ALWAYS_EMBED_SWIFT_STANDARD_LIBRARIES = YES;
				CODE_SIGN_STYLE = Automatic;
				CURRENT_PROJECT_VERSION = 1;
				DEVELOPMENT_TEAM = D2R2MN4TCC;
				GENERATE_INFOPLIST_FILE = YES;
				MARKETING_VERSION = 1.0;
				PRODUCT_BUNDLE_IDENTIFIER = "com.sajedshaikh.tip-calculatorUITests";
				PRODUCT_NAME = "$(TARGET_NAME)";
				SWIFT_EMIT_LOC_STRINGS = NO;
				SWIFT_VERSION = 5.0;
				TARGETED_DEVICE_FAMILY = "1,2";
				TEST_TARGET_NAME = "tip-calculator";
			};
			name = Release;
		};
/* End XCBuildConfiguration section */

/* Begin XCConfigurationList section */
		B4E545632A99DBDB004BE2D2 /* Build configuration list for PBXProject "tip-calculator" */ = {
			isa = XCConfigurationList;
			buildConfigurations = (
				B4E545902A99DBDD004BE2D2 /* Debug */,
				B4E545912A99DBDD004BE2D2 /* Release */,
			);
			defaultConfigurationIsVisible = 0;
			defaultConfigurationName = Release;
		};
		B4E545922A99DBDD004BE2D2 /* Build configuration list for PBXNativeTarget "tip-calculator" */ = {
			isa = XCConfigurationList;
			buildConfigurations = (
				B4E545932A99DBDD004BE2D2 /* Debug */,
				B4E545942A99DBDD004BE2D2 /* Release */,
			);
			defaultConfigurationIsVisible = 0;
			defaultConfigurationName = Release;
		};
		B4E545952A99DBDD004BE2D2 /* Build configuration list for PBXNativeTarget "tip-calculatorTests" */ = {
			isa = XCConfigurationList;
			buildConfigurations = (
				B4E545962A99DBDD004BE2D2 /* Debug */,
				B4E545972A99DBDD004BE2D2 /* Release */,
			);
			defaultConfigurationIsVisible = 0;
			defaultConfigurationName = Release;
		};
		B4E545982A99DBDD004BE2D2 /* Build configuration list for PBXNativeTarget "tip-calculatorUITests" */ = {
			isa = XCConfigurationList;
			buildConfigurations = (
				B4E545992A99DBDD004BE2D2 /* Debug */,
				B4E5459A2A99DBDD004BE2D2 /* Release */,
			);
			defaultConfigurationIsVisible = 0;
			defaultConfigurationName = Release;
		};
/* End XCConfigurationList section */

/* Begin XCRemoteSwiftPackageReference section */
		B4E5459B2A99DC76004BE2D2 /* XCRemoteSwiftPackageReference "CombineCocoa" */ = {
			isa = XCRemoteSwiftPackageReference;
			repositoryURL = "https://github.com/CombineCommunity/CombineCocoa.git";
			requirement = {
				kind = upToNextMinorVersion;
				minimumVersion = 0.4.1;
			};
		};
		B4E5459E2A99DCCA004BE2D2 /* XCRemoteSwiftPackageReference "SnapKit" */ = {
			isa = XCRemoteSwiftPackageReference;
			repositoryURL = "https://github.com/SnapKit/SnapKit";
			requirement = {
				kind = upToNextMinorVersion;
				minimumVersion = 5.6.0;
			};
		};
		B4E545A42A99DD6D004BE2D2 /* XCRemoteSwiftPackageReference "swift-snapshot-testing" */ = {
			isa = XCRemoteSwiftPackageReference;
			repositoryURL = "https://github.com/pointfreeco/swift-snapshot-testing.git";
			requirement = {
				kind = upToNextMinorVersion;
				minimumVersion = 1.11.0;
			};
		};
/* End XCRemoteSwiftPackageReference section */

/* Begin XCSwiftPackageProductDependency section */
		B4E5459C2A99DC76004BE2D2 /* CombineCocoa */ = {
			isa = XCSwiftPackageProductDependency;
			package = B4E5459B2A99DC76004BE2D2 /* XCRemoteSwiftPackageReference "CombineCocoa" */;
			productName = CombineCocoa;
		};
		B4E5459F2A99DCCA004BE2D2 /* SnapKit */ = {
			isa = XCSwiftPackageProductDependency;
			package = B4E5459E2A99DCCA004BE2D2 /* XCRemoteSwiftPackageReference "SnapKit" */;
			productName = SnapKit;
		};
		B4E545A22A99DD18004BE2D2 /* CombineCocoa */ = {
			isa = XCSwiftPackageProductDependency;
			package = B4E5459B2A99DC76004BE2D2 /* XCRemoteSwiftPackageReference "CombineCocoa" */;
			productName = CombineCocoa;
		};
		B4E545A52A99DD6D004BE2D2 /* SnapshotTesting */ = {
			isa = XCSwiftPackageProductDependency;
			package = B4E545A42A99DD6D004BE2D2 /* XCRemoteSwiftPackageReference "swift-snapshot-testing" */;
			productName = SnapshotTesting;
		};
		B4E545A72A99DD8D004BE2D2 /* CombineCocoa */ = {
			isa = XCSwiftPackageProductDependency;
			package = B4E5459B2A99DC76004BE2D2 /* XCRemoteSwiftPackageReference "CombineCocoa" */;
			productName = CombineCocoa;
		};
/* End XCSwiftPackageProductDependency section */
	};
	rootObject = B4E545602A99DBDB004BE2D2 /* Project object */;
}
